PODS:
  - SDWebImage (5.8.3):
    - SDWebImage/Core (= 5.8.3)
  - SDWebImage/Core (5.8.3)
  - shared (1.1)

DEPENDENCIES:
  - SDWebImage (~> 5.0)
  - shared (from `../shared/`)

SPEC REPOS:
  trunk:
    - SDWebImage

EXTERNAL SOURCES:
  shared:
    :path: "../shared/"

SPEC CHECKSUMS:
  SDWebImage: 112503ec94a5a2a41869503844a15e8d8f1ead5c
  shared: 2e5c4aa30e3668fe416c857a709e9465f4d24127

PODFILE CHECKSUM: 788dea3587ea478fbb3c957c1cfd3a86f37bb4a2

COCOAPODS: 1.9.1
